
Microsoft Visual Studio Solution File, Format Version 12.00
Project("{FAE04EC0-301F-11D3-BF4B-00C04F79EFBC}") = "TomLonghurst.TextValidation", "TomLonghurst.TextValidation\TomLonghurst.TextValidation.csproj", "{F0733172-4FED-4757-8771-08A8FCACD04A}"
EndProject
Project("{FAE04EC0-301F-11D3-BF4B-00C04F79EFBC}") = "TomLonghurst.TextValidation.UnitTests", "TomLonghurst.TextValidation.UnitTests\TomLonghurst.TextValidation.UnitTests.csproj", "{D7EDBA31-BDAC-486E-96BF-8EC22AFA558E}"
EndProject
Project("{FAE04EC0-301F-11D3-BF4B-00C04F79EFBC}") = "TomLonghurst.TextValidation.Examples.DependencyInjection", "TomLonghurst.TextValidation.Examples.DependencyInjection\TomLonghurst.TextValidation.Examples.DependencyInjection.csproj", "{3A45B173-5082-474E-A84C-6EFCC927D0FD}"
EndProject
Global
	GlobalSection(SolutionConfigurationPlatforms) = preSolution
		Debug|Any CPU = Debug|Any CPU
		Release|Any CPU = Release|Any CPU
	EndGlobalSection
	GlobalSection(ProjectConfigurationPlatforms) = postSolution
		{F0733172-4FED-4757-8771-08A8FCACD04A}.Debug|Any CPU.ActiveCfg = Debug|Any CPU
		{F0733172-4FED-4757-8771-08A8FCACD04A}.Debug|Any CPU.Build.0 = Debug|Any CPU
		{F0733172-4FED-4757-8771-08A8FCACD04A}.Release|Any CPU.ActiveCfg = Release|Any CPU
		{F0733172-4FED-4757-8771-08A8FCACD04A}.Release|Any CPU.Build.0 = Release|Any CPU
		{D7EDBA31-BDAC-486E-96BF-8EC22AFA558E}.Debug|Any CPU.ActiveCfg = Debug|Any CPU
		{D7EDBA31-BDAC-486E-96BF-8EC22AFA558E}.Debug|Any CPU.Build.0 = Debug|Any CPU
		{D7EDBA31-BDAC-486E-96BF-8EC22AFA558E}.Release|Any CPU.ActiveCfg = Release|Any CPU
		{D7EDBA31-BDAC-486E-96BF-8EC22AFA558E}.Release|Any CPU.Build.0 = Release|Any CPU
		{3A45B173-5082-474E-A84C-6EFCC927D0FD}.Debug|Any CPU.ActiveCfg = Debug|Any CPU
		{3A45B173-5082-474E-A84C-6EFCC927D0FD}.Debug|Any CPU.Build.0 = Debug|Any CPU
		{3A45B173-5082-474E-A84C-6EFCC927D0FD}.Release|Any CPU.ActiveCfg = Release|Any CPU
		{3A45B173-5082-474E-A84C-6EFCC927D0FD}.Release|Any CPU.Build.0 = Release|Any CPU
	EndGlobalSection
EndGlobal
